
Microsoft Visual Studio Solution File, Format Version 12.00
# Visual Studio 15
VisualStudioVersion = 15.0.28307.645
MinimumVisualStudioVersion = 10.0.40219.1
Project("{FAE04EC0-301F-11D3-BF4B-00C04F79EFBC}") = "Glue42RestConfig", "Glue42RestConfig\Glue42RestConfig.csproj", "{BB66BAFD-A1B7-4CF3-95FC-0FAD9151A685}"
EndProject
Global
	GlobalSection(SolutionConfigurationPlatforms) = preSolution
		Debug|Any CPU = Debug|Any CPU
		Release|Any CPU = Release|Any CPU
	EndGlobalSection
	GlobalSection(ProjectConfigurationPlatforms) = postSolution
		{BB66BAFD-A1B7-4CF3-95FC-0FAD9151A685}.Debug|Any CPU.ActiveCfg = Debug|Any CPU
		{BB66BAFD-A1B7-4CF3-95FC-0FAD9151A685}.Debug|Any CPU.Build.0 = Debug|Any CPU
		{BB66BAFD-A1B7-4CF3-95FC-0FAD9151A685}.Release|Any CPU.ActiveCfg = Release|Any CPU
		{BB66BAFD-A1B7-4CF3-95FC-0FAD9151A685}.Release|Any CPU.Build.0 = Release|Any CPU
	EndGlobalSection
	GlobalSection(SolutionProperties) = preSolution
		HideSolutionNode = FALSE
	EndGlobalSection
	GlobalSection(ExtensibilityGlobals) = postSolution
		SolutionGuid = {A13D4D33-619F-44D1-A740-504F644A7B09}
	EndGlobalSection
EndGlobal
